
Microsoft Visual Studio Solution File, Format Version 12.00
# Visual Studio 15
VisualStudioVersion = 15.0.28010.2003
MinimumVisualStudioVersion = 10.0.40219.1
Project("{9A19103F-16F7-4668-BE54-9A1E7A4F7556}") = "FindCoin", "FindCoin\FindCoin.csproj", "{06697D33-D7CB-4A19-8C9F-4EEA696D7ECE}"
EndProject
Project("{9A19103F-16F7-4668-BE54-9A1E7A4F7556}") = "llvm", "llvm\llvm.csproj", "{554EB50F-9C34-4375-8E23-2C5D9FC570E4}"
EndProject
Project("{FAE04EC0-301F-11D3-BF4B-00C04F79EFBC}") = "signtool", "signtool\signtool.csproj", "{12542154-0283-4C2C-8211-5FBD26AF4F24}"
EndProject
Project("{9A19103F-16F7-4668-BE54-9A1E7A4F7556}") = "thinSDK", "thinSDK\thinSDK.csproj", "{A533067E-8149-420B-A25D-63A8CB353774}"
EndProject
Project("{9A19103F-16F7-4668-BE54-9A1E7A4F7556}") = "thinSDK_neo", "thinSDK_neo\thinSDK_neo.csproj", "{67F3F556-1163-4C7F-BEC0-6F8A31E44AA2}"
EndProject
Global
	GlobalSection(SolutionConfigurationPlatforms) = preSolution
		Debug|Any CPU = Debug|Any CPU
		Release|Any CPU = Release|Any CPU
	EndGlobalSection
	GlobalSection(ProjectConfigurationPlatforms) = postSolution
		{06697D33-D7CB-4A19-8C9F-4EEA696D7ECE}.Debug|Any CPU.ActiveCfg = Debug|Any CPU
		{06697D33-D7CB-4A19-8C9F-4EEA696D7ECE}.Debug|Any CPU.Build.0 = Debug|Any CPU
		{06697D33-D7CB-4A19-8C9F-4EEA696D7ECE}.Release|Any CPU.ActiveCfg = Release|Any CPU
		{06697D33-D7CB-4A19-8C9F-4EEA696D7ECE}.Release|Any CPU.Build.0 = Release|Any CPU
		{554EB50F-9C34-4375-8E23-2C5D9FC570E4}.Debug|Any CPU.ActiveCfg = Debug|Any CPU
		{554EB50F-9C34-4375-8E23-2C5D9FC570E4}.Debug|Any CPU.Build.0 = Debug|Any CPU
		{554EB50F-9C34-4375-8E23-2C5D9FC570E4}.Release|Any CPU.ActiveCfg = Release|Any CPU
		{554EB50F-9C34-4375-8E23-2C5D9FC570E4}.Release|Any CPU.Build.0 = Release|Any CPU
		{12542154-0283-4C2C-8211-5FBD26AF4F24}.Debug|Any CPU.ActiveCfg = Debug|Any CPU
		{12542154-0283-4C2C-8211-5FBD26AF4F24}.Debug|Any CPU.Build.0 = Debug|Any CPU
		{12542154-0283-4C2C-8211-5FBD26AF4F24}.Release|Any CPU.ActiveCfg = Release|Any CPU
		{12542154-0283-4C2C-8211-5FBD26AF4F24}.Release|Any CPU.Build.0 = Release|Any CPU
		{A533067E-8149-420B-A25D-63A8CB353774}.Debug|Any CPU.ActiveCfg = Debug|Any CPU
		{A533067E-8149-420B-A25D-63A8CB353774}.Debug|Any CPU.Build.0 = Debug|Any CPU
		{A533067E-8149-420B-A25D-63A8CB353774}.Release|Any CPU.ActiveCfg = Release|Any CPU
		{A533067E-8149-420B-A25D-63A8CB353774}.Release|Any CPU.Build.0 = Release|Any CPU
		{67F3F556-1163-4C7F-BEC0-6F8A31E44AA2}.Debug|Any CPU.ActiveCfg = Debug|Any CPU
		{67F3F556-1163-4C7F-BEC0-6F8A31E44AA2}.Debug|Any CPU.Build.0 = Debug|Any CPU
		{67F3F556-1163-4C7F-BEC0-6F8A31E44AA2}.Release|Any CPU.ActiveCfg = Release|Any CPU
		{67F3F556-1163-4C7F-BEC0-6F8A31E44AA2}.Release|Any CPU.Build.0 = Release|Any CPU
	EndGlobalSection
	GlobalSection(SolutionProperties) = preSolution
		HideSolutionNode = FALSE
	EndGlobalSection
	GlobalSection(ExtensibilityGlobals) = postSolution
		SolutionGuid = {4A6D88CF-AE47-4C26-BEBE-430A8B735F85}
	EndGlobalSection
EndGlobal
